
Microsoft Visual Studio Solution File, Format Version 12.00
# Visual Studio Version 16
VisualStudioVersion = 16.0.29709.97
MinimumVisualStudioVersion = 10.0.40219.1
Project("{FAE04EC0-301F-11D3-BF4B-00C04F79EFBC}") = "OnMobileCodingTask", "OnMobileCodingTask.csproj", "{2DDCD26E-CBA2-48DA-BE8A-57D4EDD4B5BB}"
EndProject
Global
	GlobalSection(SolutionConfigurationPlatforms) = preSolution
		Debug|Any CPU = Debug|Any CPU
		Release|Any CPU = Release|Any CPU
	EndGlobalSection
	GlobalSection(ProjectConfigurationPlatforms) = postSolution
		{2DDCD26E-CBA2-48DA-BE8A-57D4EDD4B5BB}.Debug|Any CPU.ActiveCfg = Debug|Any CPU
		{2DDCD26E-CBA2-48DA-BE8A-57D4EDD4B5BB}.Debug|Any CPU.Build.0 = Debug|Any CPU
		{2DDCD26E-CBA2-48DA-BE8A-57D4EDD4B5BB}.Release|Any CPU.ActiveCfg = Release|Any CPU
		{2DDCD26E-CBA2-48DA-BE8A-57D4EDD4B5BB}.Release|Any CPU.Build.0 = Release|Any CPU
	EndGlobalSection
	GlobalSection(SolutionProperties) = preSolution
		HideSolutionNode = FALSE
	EndGlobalSection
	GlobalSection(ExtensibilityGlobals) = postSolution
		SolutionGuid = {F7704282-EB9E-45C3-BA4C-E83A66A3A0E7}
	EndGlobalSection
EndGlobal
